
Microsoft Visual Studio Solution File, Format Version 12.00
# Blend for Visual Studio Version 16
VisualStudioVersion = 16.0.29613.14
MinimumVisualStudioVersion = 10.0.40219.1
Project("{FAE04EC0-301F-11D3-BF4B-00C04F79EFBC}") = "YK.AllinPay", "YK.AllinPay\YK.AllinPay.csproj", "{487F1D1A-E25B-40E6-9653-9C67DBB2A5D3}"
EndProject
Global
	GlobalSection(SolutionConfigurationPlatforms) = preSolution
		Debug|Any CPU = Debug|Any CPU
		Release|Any CPU = Release|Any CPU
	EndGlobalSection
	GlobalSection(ProjectConfigurationPlatforms) = postSolution
		{487F1D1A-E25B-40E6-9653-9C67DBB2A5D3}.Debug|Any CPU.ActiveCfg = Debug|Any CPU
		{487F1D1A-E25B-40E6-9653-9C67DBB2A5D3}.Debug|Any CPU.Build.0 = Debug|Any CPU
		{487F1D1A-E25B-40E6-9653-9C67DBB2A5D3}.Release|Any CPU.ActiveCfg = Release|Any CPU
		{487F1D1A-E25B-40E6-9653-9C67DBB2A5D3}.Release|Any CPU.Build.0 = Release|Any CPU
	EndGlobalSection
	GlobalSection(SolutionProperties) = preSolution
		HideSolutionNode = FALSE
	EndGlobalSection
	GlobalSection(ExtensibilityGlobals) = postSolution
		SolutionGuid = {31F42D38-6267-48A6-BF8C-71A04DDC2A7D}
	EndGlobalSection
EndGlobal
